
Microsoft Visual Studio Solution File, Format Version 12.00
# Visual Studio Version 17
VisualStudioVersion = 17.4.33213.308
MinimumVisualStudioVersion = 10.0.40219.1
Project("{FAE04EC0-301F-11D3-BF4B-00C04F79EFBC}") = "Template.Web", "Template.Web\Template.Web.csproj", "{C25EE99B-CB97-4D85-8E18-E7574E2B7DC6}"
EndProject
Global
	GlobalSection(SolutionConfigurationPlatforms) = preSolution
		Debug|Any CPU = Debug|Any CPU
		Release|Any CPU = Release|Any CPU
	EndGlobalSection
	GlobalSection(ProjectConfigurationPlatforms) = postSolution
		{C25EE99B-CB97-4D85-8E18-E7574E2B7DC6}.Debug|Any CPU.ActiveCfg = Debug|Any CPU
		{C25EE99B-CB97-4D85-8E18-E7574E2B7DC6}.Debug|Any CPU.Build.0 = Debug|Any CPU
		{C25EE99B-CB97-4D85-8E18-E7574E2B7DC6}.Release|Any CPU.ActiveCfg = Release|Any CPU
		{C25EE99B-CB97-4D85-8E18-E7574E2B7DC6}.Release|Any CPU.Build.0 = Release|Any CPU
	EndGlobalSection
	GlobalSection(SolutionProperties) = preSolution
		HideSolutionNode = FALSE
	EndGlobalSection
	GlobalSection(ExtensibilityGlobals) = postSolution
		SolutionGuid = {A4763D57-38AF-4151-AB42-41C4F77C372B}
	EndGlobalSection
EndGlobal
